
Microsoft Visual Studio Solution File, Format Version 12.00
# Visual Studio 15
VisualStudioVersion = 15.0.28307.271
MinimumVisualStudioVersion = 10.0.40219.1
Project("{8BC9CEB8-8B4A-11D0-8D11-00A0C91BC942}") = "Power", "Power\Power.vcxproj", "{E663B530-647D-48C5-90AE-1178B082A916}"
EndProject
Project("{8BC9CEB8-8B4A-11D0-8D11-00A0C91BC942}") = "TestGame", "..\..\..\TestGame\TestGame\TestGame\TestGame.vcxproj", "{F1BB94DD-350D-4134-A954-6DEA8CC31036}"
	ProjectSection(ProjectDependencies) = postProject
		{E663B530-647D-48C5-90AE-1178B082A916} = {E663B530-647D-48C5-90AE-1178B082A916}
	EndProjectSection
EndProject
Global
	GlobalSection(SolutionConfigurationPlatforms) = preSolution
		Debug|x64 = Debug|x64
		Debug|x86 = Debug|x86
		Release|x64 = Release|x64
		Release|x86 = Release|x86
	EndGlobalSection
	GlobalSection(ProjectConfigurationPlatforms) = postSolution
		{E663B530-647D-48C5-90AE-1178B082A916}.Debug|x64.ActiveCfg = Debug|x64
		{E663B530-647D-48C5-90AE-1178B082A916}.Debug|x64.Build.0 = Debug|x64
		{E663B530-647D-48C5-90AE-1178B082A916}.Debug|x86.ActiveCfg = Debug|Win32
		{E663B530-647D-48C5-90AE-1178B082A916}.Debug|x86.Build.0 = Debug|Win32
		{E663B530-647D-48C5-90AE-1178B082A916}.Release|x64.ActiveCfg = Release|x64
		{E663B530-647D-48C5-90AE-1178B082A916}.Release|x64.Build.0 = Release|x64
		{E663B530-647D-48C5-90AE-1178B082A916}.Release|x86.ActiveCfg = Release|Win32
		{E663B530-647D-48C5-90AE-1178B082A916}.Release|x86.Build.0 = Release|Win32
		{F1BB94DD-350D-4134-A954-6DEA8CC31036}.Debug|x64.ActiveCfg = Debug|x64
		{F1BB94DD-350D-4134-A954-6DEA8CC31036}.Debug|x64.Build.0 = Debug|x64
		{F1BB94DD-350D-4134-A954-6DEA8CC31036}.Debug|x86.ActiveCfg = Debug|Win32
		{F1BB94DD-350D-4134-A954-6DEA8CC31036}.Debug|x86.Build.0 = Debug|Win32
		{F1BB94DD-350D-4134-A954-6DEA8CC31036}.Release|x64.ActiveCfg = Release|x64
		{F1BB94DD-350D-4134-A954-6DEA8CC31036}.Release|x64.Build.0 = Release|x64
		{F1BB94DD-350D-4134-A954-6DEA8CC31036}.Release|x86.ActiveCfg = Release|Win32
		{F1BB94DD-350D-4134-A954-6DEA8CC31036}.Release|x86.Build.0 = Release|Win32
	EndGlobalSection
	GlobalSection(SolutionProperties) = preSolution
		HideSolutionNode = FALSE
	EndGlobalSection
	GlobalSection(ExtensibilityGlobals) = postSolution
		SolutionGuid = {E909EE8F-AE38-4B68-AA09-26240760F2B4}
	EndGlobalSection
EndGlobal
